
Microsoft Visual Studio Solution File, Format Version 12.00
# Visual Studio Version 17
VisualStudioVersion = 17.8.34322.80
MinimumVisualStudioVersion = 10.0.40219.1
Project("{FAE04EC0-301F-11D3-BF4B-00C04F79EFBC}") = "problema2", "problema2.csproj", "{2CD7EDE6-DCA9-4AD0-AB92-3F669A11A1AB}"
EndProject
Global
	GlobalSection(SolutionConfigurationPlatforms) = preSolution
		Debug|Any CPU = Debug|Any CPU
		Release|Any CPU = Release|Any CPU
	EndGlobalSection
	GlobalSection(ProjectConfigurationPlatforms) = postSolution
		{2CD7EDE6-DCA9-4AD0-AB92-3F669A11A1AB}.Debug|Any CPU.ActiveCfg = Debug|Any CPU
		{2CD7EDE6-DCA9-4AD0-AB92-3F669A11A1AB}.Debug|Any CPU.Build.0 = Debug|Any CPU
		{2CD7EDE6-DCA9-4AD0-AB92-3F669A11A1AB}.Release|Any CPU.ActiveCfg = Release|Any CPU
		{2CD7EDE6-DCA9-4AD0-AB92-3F669A11A1AB}.Release|Any CPU.Build.0 = Release|Any CPU
	EndGlobalSection
	GlobalSection(SolutionProperties) = preSolution
		HideSolutionNode = FALSE
	EndGlobalSection
	GlobalSection(ExtensibilityGlobals) = postSolution
		SolutionGuid = {0E3E81A0-3794-4B74-87C0-ED2CA7FD84F0}
	EndGlobalSection
EndGlobal
