
Microsoft Visual Studio Solution File, Format Version 12.00
# Visual Studio Version 17
VisualStudioVersion = 17.8.34316.72
MinimumVisualStudioVersion = 10.0.40219.1
Project("{FAE04EC0-301F-11D3-BF4B-00C04F79EFBC}") = "problema1", "problema1.csproj", "{BF0D80F1-446D-49A9-89C6-D2B872C36215}"
EndProject
Global
	GlobalSection(SolutionConfigurationPlatforms) = preSolution
		Debug|Any CPU = Debug|Any CPU
		Release|Any CPU = Release|Any CPU
	EndGlobalSection
	GlobalSection(ProjectConfigurationPlatforms) = postSolution
		{BF0D80F1-446D-49A9-89C6-D2B872C36215}.Debug|Any CPU.ActiveCfg = Debug|Any CPU
		{BF0D80F1-446D-49A9-89C6-D2B872C36215}.Debug|Any CPU.Build.0 = Debug|Any CPU
		{BF0D80F1-446D-49A9-89C6-D2B872C36215}.Release|Any CPU.ActiveCfg = Release|Any CPU
		{BF0D80F1-446D-49A9-89C6-D2B872C36215}.Release|Any CPU.Build.0 = Release|Any CPU
	EndGlobalSection
	GlobalSection(SolutionProperties) = preSolution
		HideSolutionNode = FALSE
	EndGlobalSection
	GlobalSection(ExtensibilityGlobals) = postSolution
		SolutionGuid = {F3EB2C23-7E6B-4518-AF38-B531642F50A0}
	EndGlobalSection
EndGlobal
